{
  "name": "use-web3-types",
  "version": "0.3.0",
  "lockfileVersion": 2,
  "requires": true,
  "packages": {
    "": {
      "name": "use-web3-types",
      "version": "0.3.0",
      "license": "Apache-2.0",
      "devDependencies": {
        "@types/node": "^14.11.2",
        "gts": "^3.1.0",
        "tslib": "^2.3.1",
        "typescript": "^4.0.3"
      },
      "peerDependencies": {
        "zustand": "^3.6.1"
      }
    },
    "node_modules/@types/node": {
      "version": "14.17.26",
      "dev": true,
      "license": "MIT"
    },
    "node_modules/@typescript-eslint/eslint-plugin": {
      "version": "4.33.0",
      "dev": true,
      "license": "MIT",
      "dependencies": {
        "@typescript-eslint/experimental-utils": "4.33.0",
        "@typescript-eslint/scope-manager": "4.33.0",
        "debug": "^4.3.1",
        "functional-red-black-tree": "^1.0.1",
        "ignore": "^5.1.8",
        "regexpp": "^3.1.0",
        "semver": "^7.3.5",
        "tsutils": "^3.21.0"
      },
      "engines": {
        "node": "^10.12.0 || >=12.0.0"
      },
      "funding": {
        "type": "opencollective",
        "url": "https://opencollective.com/typescript-eslint"
      },
      "peerDependencies": {
        "@typescript-eslint/parser": "^4.0.0",
        "eslint": "^5.0.0 || ^6.0.0 || ^7.0.0"
      },
      "peerDependenciesMeta": {
        "typescript": {
          "optional": true
        }
      }
    },
    "node_modules/@typescript-eslint/experimental-utils": {
      "version": "4.33.0",
      "dev": true,
      "license": "MIT",
      "dependencies": {
        "@types/json-schema": "^7.0.7",
        "@typescript-eslint/scope-manager": "4.33.0",
        "@typescript-eslint/types": "4.33.0",
        "@typescript-eslint/typescript-estree": "4.33.0",
        "eslint-scope": "^5.1.1",
        "eslint-utils": "^3.0.0"
      },
      "engines": {
        "node": "^10.12.0 || >=12.0.0"
      },
      "funding": {
        "type": "opencollective",
        "url": "https://opencollective.com/typescript-eslint"
      },
      "peerDependencies": {
        "eslint": "*"
      }
    },
    "node_modules/@typescript-eslint/parser": {
      "version": "4.33.0",
      "dev": true,
      "license": "BSD-2-Clause",
      "dependencies": {
        "@typescript-eslint/scope-manager": "4.33.0",
        "@typescript-eslint/types": "4.33.0",
        "@typescript-eslint/typescript-estree": "4.33.0",
        "debug": "^4.3.1"
      },
      "engines": {
        "node": "^10.12.0 || >=12.0.0"
      },
      "funding": {
        "type": "opencollective",
        "url": "https://opencollective.com/typescript-eslint"
      },
      "peerDependencies": {
        "eslint": "^5.0.0 || ^6.0.0 || ^7.0.0"
      },
      "peerDependenciesMeta": {
        "typescript": {
          "optional": true
        }
      }
    },
    "node_modules/@typescript-eslint/scope-manager": {
      "version": "4.33.0",
      "dev": true,
      "license": "MIT",
      "dependencies": {
        "@typescript-eslint/types": "4.33.0",
        "@typescript-eslint/visitor-keys": "4.33.0"
      },
      "engines": {
        "node": "^8.10.0 || ^10.13.0 || >=11.10.1"
      },
      "funding": {
        "type": "opencollective",
        "url": "https://opencollective.com/typescript-eslint"
      }
    },
    "node_modules/@typescript-eslint/types": {
      "version": "4.33.0",
      "dev": true,
      "license": "MIT",
      "engines": {
        "node": "^8.10.0 || ^10.13.0 || >=11.10.1"
      },
      "funding": {
        "type": "opencollective",
        "url": "https://opencollective.com/typescript-eslint"
      }
    },
    "node_modules/@typescript-eslint/typescript-estree": {
      "version": "4.33.0",
      "dev": true,
      "license": "BSD-2-Clause",
      "dependencies": {
        "@typescript-eslint/types": "4.33.0",
        "@typescript-eslint/visitor-keys": "4.33.0",
        "debug": "^4.3.1",
        "globby": "^11.0.3",
        "is-glob": "^4.0.1",
        "semver": "^7.3.5",
        "tsutils": "^3.21.0"
      },
      "engines": {
        "node": "^10.12.0 || >=12.0.0"
      },
      "funding": {
        "type": "opencollective",
        "url": "https://opencollective.com/typescript-eslint"
      },
      "peerDependenciesMeta": {
        "typescript": {
          "optional": true
        }
      }
    },
    "node_modules/@typescript-eslint/visitor-keys": {
      "version": "4.33.0",
      "dev": true,
      "license": "MIT",
      "dependencies": {
        "@typescript-eslint/types": "4.33.0",
        "eslint-visitor-keys": "^2.0.0"
      },
      "engines": {
        "node": "^8.10.0 || ^10.13.0 || >=11.10.1"
      },
      "funding": {
        "type": "opencollective",
        "url": "https://opencollective.com/typescript-eslint"
      }
    },
    "node_modules/eslint-config-prettier": {
      "version": "7.2.0",
      "dev": true,
      "license": "MIT",
      "bin": {
        "eslint-config-prettier": "bin/cli.js"
      },
      "peerDependencies": {
        "eslint": ">=7.0.0"
      }
    },
    "node_modules/eslint-utils": {
      "version": "3.0.0",
      "dev": true,
      "license": "MIT",
      "dependencies": {
        "eslint-visitor-keys": "^2.0.0"
      },
      "engines": {
        "node": "^10.0.0 || ^12.0.0 || >= 14.0.0"
      },
      "funding": {
        "url": "https://github.com/sponsors/mysticatea"
      },
      "peerDependencies": {
        "eslint": ">=5"
      }
    },
    "node_modules/eslint-visitor-keys": {
      "version": "2.1.0",
      "dev": true,
      "license": "Apache-2.0",
      "engines": {
        "node": ">=10"
      }
    },
    "node_modules/execa": {
      "version": "5.1.1",
      "dev": true,
      "license": "MIT",
      "dependencies": {
        "cross-spawn": "^7.0.3",
        "get-stream": "^6.0.0",
        "human-signals": "^2.1.0",
        "is-stream": "^2.0.0",
        "merge-stream": "^2.0.0",
        "npm-run-path": "^4.0.1",
        "onetime": "^5.1.2",
        "signal-exit": "^3.0.3",
        "strip-final-newline": "^2.0.0"
      },
      "engines": {
        "node": ">=10"
      },
      "funding": {
        "url": "https://github.com/sindresorhus/execa?sponsor=1"
      }
    },
    "node_modules/get-stream": {
      "version": "6.0.1",
      "dev": true,
      "license": "MIT",
      "engines": {
        "node": ">=10"
      },
      "funding": {
        "url": "https://github.com/sponsors/sindresorhus"
      }
    },
    "node_modules/gts": {
      "version": "3.1.0",
      "dev": true,
      "license": "Apache-2.0",
      "dependencies": {
        "@typescript-eslint/eslint-plugin": "^4.2.0",
        "@typescript-eslint/parser": "^4.2.0",
        "chalk": "^4.1.0",
        "eslint": "^7.10.0",
        "eslint-config-prettier": "^7.0.0",
        "eslint-plugin-node": "^11.1.0",
        "eslint-plugin-prettier": "^3.1.4",
        "execa": "^5.0.0",
        "inquirer": "^7.3.3",
        "json5": "^2.1.3",
        "meow": "^9.0.0",
        "ncp": "^2.0.0",
        "prettier": "^2.1.2",
        "rimraf": "^3.0.2",
        "update-notifier": "^5.0.0",
        "write-file-atomic": "^3.0.3"
      },
      "bin": {
        "gts": "build/src/cli.js"
      },
      "engines": {
        "node": ">=10"
      },
      "peerDependencies": {
        "typescript": ">=3"
      }
    },
    "node_modules/human-signals": {
      "version": "2.1.0",
      "dev": true,
      "license": "Apache-2.0",
      "engines": {
        "node": ">=10.17.0"
      }
    },
    "node_modules/ignore": {
      "version": "5.1.8",
      "dev": true,
      "license": "MIT",
      "engines": {
        "node": ">= 4"
      }
    },
    "node_modules/signal-exit": {
      "version": "3.0.5",
      "dev": true,
      "license": "ISC"
    },
    "node_modules/tslib": {
      "version": "2.3.1",
      "resolved": "https://registry.npmjs.org/tslib/-/tslib-2.3.1.tgz",
      "integrity": "sha512-77EbyPPpMz+FRFRuAFlWMtmgUWGe9UOG2Z25NqCwiIjRhOf5iKGuzSe5P2w1laq+FkRy4p+PCuVkJSGkzTEKVw==",
      "dev": true
    },
    "node_modules/typescript": {
      "version": "4.4.4",
      "dev": true,
      "license": "Apache-2.0",
      "bin": {
        "tsc": "bin/tsc",
        "tsserver": "bin/tsserver"
      },
      "engines": {
        "node": ">=4.2.0"
      }
    },
    "node_modules/zustand": {
      "version": "3.6.1",
      "resolved": "https://registry.npmjs.org/zustand/-/zustand-3.6.1.tgz",
      "integrity": "sha512-2ghTWZhOx3xUK7drIa/1fVbuzyG70XKfCXIATrRBFDPcRRV4V/9uptNOKgyCvPwCDYgLpla4EtFbXNbdLpfPcw==",
      "peer": true,
      "engines": {
        "node": ">=12.7.0"
      },
      "peerDependencies": {
        "react": ">=16.8"
      },
      "peerDependenciesMeta": {
        "react": {
          "optional": true
        }
      }
    }
  },
  "dependencies": {
    "@types/node": {
      "version": "14.17.26",
      "dev": true
    },
    "@typescript-eslint/eslint-plugin": {
      "version": "4.33.0",
      "dev": true,
      "requires": {
        "@typescript-eslint/experimental-utils": "4.33.0",
        "@typescript-eslint/scope-manager": "4.33.0",
        "debug": "^4.3.1",
        "functional-red-black-tree": "^1.0.1",
        "ignore": "^5.1.8",
        "regexpp": "^3.1.0",
        "semver": "^7.3.5",
        "tsutils": "^3.21.0"
      }
    },
    "@typescript-eslint/experimental-utils": {
      "version": "4.33.0",
      "dev": true,
      "requires": {
        "@types/json-schema": "^7.0.7",
        "@typescript-eslint/scope-manager": "4.33.0",
        "@typescript-eslint/types": "4.33.0",
        "@typescript-eslint/typescript-estree": "4.33.0",
        "eslint-scope": "^5.1.1",
        "eslint-utils": "^3.0.0"
      }
    },
    "@typescript-eslint/parser": {
      "version": "4.33.0",
      "dev": true,
      "requires": {
        "@typescript-eslint/scope-manager": "4.33.0",
        "@typescript-eslint/types": "4.33.0",
        "@typescript-eslint/typescript-estree": "4.33.0",
        "debug": "^4.3.1"
      }
    },
    "@typescript-eslint/scope-manager": {
      "version": "4.33.0",
      "dev": true,
      "requires": {
        "@typescript-eslint/types": "4.33.0",
        "@typescript-eslint/visitor-keys": "4.33.0"
      }
    },
    "@typescript-eslint/types": {
      "version": "4.33.0",
      "dev": true
    },
    "@typescript-eslint/typescript-estree": {
      "version": "4.33.0",
      "dev": true,
      "requires": {
        "@typescript-eslint/types": "4.33.0",
        "@typescript-eslint/visitor-keys": "4.33.0",
        "debug": "^4.3.1",
        "globby": "^11.0.3",
        "is-glob": "^4.0.1",
        "semver": "^7.3.5",
        "tsutils": "^3.21.0"
      }
    },
    "@typescript-eslint/visitor-keys": {
      "version": "4.33.0",
      "dev": true,
      "requires": {
        "@typescript-eslint/types": "4.33.0",
        "eslint-visitor-keys": "^2.0.0"
      }
    },
    "eslint-config-prettier": {
      "version": "7.2.0",
      "dev": true,
      "requires": {}
    },
    "eslint-utils": {
      "version": "3.0.0",
      "dev": true,
      "requires": {
        "eslint-visitor-keys": "^2.0.0"
      }
    },
    "eslint-visitor-keys": {
      "version": "2.1.0",
      "dev": true
    },
    "execa": {
      "version": "5.1.1",
      "dev": true,
      "requires": {
        "cross-spawn": "^7.0.3",
        "get-stream": "^6.0.0",
        "human-signals": "^2.1.0",
        "is-stream": "^2.0.0",
        "merge-stream": "^2.0.0",
        "npm-run-path": "^4.0.1",
        "onetime": "^5.1.2",
        "signal-exit": "^3.0.3",
        "strip-final-newline": "^2.0.0"
      }
    },
    "get-stream": {
      "version": "6.0.1",
      "dev": true
    },
    "gts": {
      "version": "3.1.0",
      "dev": true,
      "requires": {
        "@typescript-eslint/eslint-plugin": "^4.2.0",
        "@typescript-eslint/parser": "^4.2.0",
        "chalk": "^4.1.0",
        "eslint": "^7.10.0",
        "eslint-config-prettier": "^7.0.0",
        "eslint-plugin-node": "^11.1.0",
        "eslint-plugin-prettier": "^3.1.4",
        "execa": "^5.0.0",
        "inquirer": "^7.3.3",
        "json5": "^2.1.3",
        "meow": "^9.0.0",
        "ncp": "^2.0.0",
        "prettier": "^2.1.2",
        "rimraf": "^3.0.2",
        "update-notifier": "^5.0.0",
        "write-file-atomic": "^3.0.3"
      }
    },
    "human-signals": {
      "version": "2.1.0",
      "dev": true
    },
    "ignore": {
      "version": "5.1.8",
      "dev": true
    },
    "signal-exit": {
      "version": "3.0.5",
      "dev": true
    },
    "tslib": {
      "version": "2.3.1",
      "resolved": "https://registry.npmjs.org/tslib/-/tslib-2.3.1.tgz",
      "integrity": "sha512-77EbyPPpMz+FRFRuAFlWMtmgUWGe9UOG2Z25NqCwiIjRhOf5iKGuzSe5P2w1laq+FkRy4p+PCuVkJSGkzTEKVw==",
      "dev": true
    },
    "typescript": {
      "version": "4.4.4",
      "dev": true
    },
    "zustand": {
      "version": "3.6.1",
      "resolved": "https://registry.npmjs.org/zustand/-/zustand-3.6.1.tgz",
      "integrity": "sha512-2ghTWZhOx3xUK7drIa/1fVbuzyG70XKfCXIATrRBFDPcRRV4V/9uptNOKgyCvPwCDYgLpla4EtFbXNbdLpfPcw==",
      "peer": true,
      "requires": {}
    }
  }
}
